// !$*UTF8*$!
{
	archiveVersion = 1;
	classes = {
	};
	objectVersion = 46;
	objects = {

/* Begin PBXBuildFile section */
		507877F01A909ACA0059F232 /* Default-568h@2x.png in Resources */ = {isa = PBXBuildFile; fileRef = 507877EF1A909ACA0059F232 /* Default-568h@2x.png */; };
		E721EA7F15674517009DF710 /* bg_calendar@2x.png in Resources */ = {isa = PBXBuildFile; fileRef = E721EA6515674517009DF710 /* bg_calendar@2x.png */; };
		E721EA8015674517009DF710 /* bg_calendar_footer@2x.png in Resources */ = {isa = PBXBuildFile; fileRef = E721EA6615674517009DF710 /* bg_calendar_footer@2x.png */; };
		E721EA8115674517009DF710 /* bg_calendar_header@2x.png in Resources */ = {isa = PBXBuildFile; fileRef = E721EA6715674517009DF710 /* bg_calendar_header@2x.png */; };
		E721EA8215674517009DF710 /* bg_calendar_week_header@2x.png in Resources */ = {isa = PBXBuildFile; fileRef = E721EA6815674517009DF710 /* bg_calendar_week_header@2x.png */; };
		E721EA8315674517009DF710 /* bg_grid@2x.png in Resources */ = {isa = PBXBuildFile; fileRef = E721EA6915674517009DF710 /* bg_grid@2x.png */; };
		E721EA8415674517009DF710 /* btn_choose_date_left_arrow@2x.png in Resources */ = {isa = PBXBuildFile; fileRef = E721EA6A15674517009DF710 /* btn_choose_date_left_arrow@2x.png */; };
		E721EA8515674517009DF710 /* btn_choose_date_left_arrow_highlight@2x.png in Resources */ = {isa = PBXBuildFile; fileRef = E721EA6B15674517009DF710 /* btn_choose_date_left_arrow_highlight@2x.png */; };
		E721EA8615674517009DF710 /* btn_choose_date_right_arrow@2x.png in Resources */ = {isa = PBXBuildFile; fileRef = E721EA6C15674517009DF710 /* btn_choose_date_right_arrow@2x.png */; };
		E721EA8715674517009DF710 /* btn_choose_date_right_arrow_highlight@2x.png in Resources */ = {isa = PBXBuildFile; fileRef = E721EA6D15674517009DF710 /* btn_choose_date_right_arrow_highlight@2x.png */; };
		E721EA8815674517009DF710 /* btn_choose_departure_date@2x.png in Resources */ = {isa = PBXBuildFile; fileRef = E721EA6E15674517009DF710 /* btn_choose_departure_date@2x.png */; };
		E721EA8915674517009DF710 /* btn_chose_date@2x.png in Resources */ = {isa = PBXBuildFile; fileRef = E721EA6F15674517009DF710 /* btn_chose_date@2x.png */; };
		E721EA8A15674517009DF710 /* btn_chose_date_highlight@2x.png in Resources */ = {isa = PBXBuildFile; fileRef = E721EA7015674517009DF710 /* btn_chose_date_highlight@2x.png */; };
		E721EA8B15674517009DF710 /* btn_close_date@2x.png in Resources */ = {isa = PBXBuildFile; fileRef = E721EA7115674517009DF710 /* btn_close_date@2x.png */; };
		E721EA8C15674517009DF710 /* btn_close_date_hihglight@2x.png in Resources */ = {isa = PBXBuildFile; fileRef = E721EA7215674517009DF710 /* btn_close_date_hihglight@2x.png */; };
		E721EA8D15674517009DF710 /* btn_grid@2x.png in Resources */ = {isa = PBXBuildFile; fileRef = E721EA7315674517009DF710 /* btn_grid@2x.png */; };
		E721EA8E15674517009DF710 /* btn_grid_cell@2x.png in Resources */ = {isa = PBXBuildFile; fileRef = E721EA7415674517009DF710 /* btn_grid_cell@2x.png */; };
		E721EA8F15674517009DF710 /* btn_grid_cell_highlight@2x.png in Resources */ = {isa = PBXBuildFile; fileRef = E721EA7515674517009DF710 /* btn_grid_cell_highlight@2x.png */; };
		E721EA9015674517009DF710 /* btn_grid_cell_selected@2x.png in Resources */ = {isa = PBXBuildFile; fileRef = E721EA7615674517009DF710 /* btn_grid_cell_selected@2x.png */; };
		E721EA9115674517009DF710 /* btn_grid_highlight@2x.png in Resources */ = {isa = PBXBuildFile; fileRef = E721EA7715674517009DF710 /* btn_grid_highlight@2x.png */; };
		E721EA9215674517009DF710 /* btn_grid_selected@2x.png in Resources */ = {isa = PBXBuildFile; fileRef = E721EA7815674517009DF710 /* btn_grid_selected@2x.png */; };
		E721EA9315674517009DF710 /* btn_next_month@2x.png in Resources */ = {isa = PBXBuildFile; fileRef = E721EA7915674517009DF710 /* btn_next_month@2x.png */; };
		E721EA9415674517009DF710 /* btn_next_month_highlight@2x.png in Resources */ = {isa = PBXBuildFile; fileRef = E721EA7A15674517009DF710 /* btn_next_month_highlight@2x.png */; };
		E721EA9515674517009DF710 /* btn_previous_month@2x.png in Resources */ = {isa = PBXBuildFile; fileRef = E721EA7B15674517009DF710 /* btn_previous_month@2x.png */; };
		E721EA9615674517009DF710 /* btn_previous_month_highlight@2x.png in Resources */ = {isa = PBXBuildFile; fileRef = E721EA7C15674517009DF710 /* btn_previous_month_highlight@2x.png */; };
		E721EA9715674517009DF710 /* btn_radio_check_box@2x.png in Resources */ = {isa = PBXBuildFile; fileRef = E721EA7D15674517009DF710 /* btn_radio_check_box@2x.png */; };
		E721EA9815674517009DF710 /* btn_radio_check_box_selected@2x.png in Resources */ = {isa = PBXBuildFile; fileRef = E721EA7E15674517009DF710 /* btn_radio_check_box_selected@2x.png */; };
		E721EABF1567451F009DF710 /* CalendarGridView.m in Sources */ = {isa = PBXBuildFile; fileRef = E721EA9C1567451F009DF710 /* CalendarGridView.m */; };
		E721EAC01567451F009DF710 /* CalendarView.m in Sources */ = {isa = PBXBuildFile; fileRef = E721EA9E1567451F009DF710 /* CalendarView.m */; };
		E721EAC11567451F009DF710 /* CalendarView.xib in Resources */ = {isa = PBXBuildFile; fileRef = E721EA9F1567451F009DF710 /* CalendarView.xib */; };
		E721EAC21567451F009DF710 /* CalendarViewFooterView.m in Sources */ = {isa = PBXBuildFile; fileRef = E721EAA31567451F009DF710 /* CalendarViewFooterView.m */; };
		E721EAC31567451F009DF710 /* CalendarViewHeaderView.m in Sources */ = {isa = PBXBuildFile; fileRef = E721EAA51567451F009DF710 /* CalendarViewHeaderView.m */; };
		E721EAC41567451F009DF710 /* BaseCalendarDisableGridView.m in Sources */ = {isa = PBXBuildFile; fileRef = E721EAA91567451F009DF710 /* BaseCalendarDisableGridView.m */; };
		E721EAC51567451F009DF710 /* BaseCalendarDisableGridView.xib in Resources */ = {isa = PBXBuildFile; fileRef = E721EAAA1567451F009DF710 /* BaseCalendarDisableGridView.xib */; };
		E721EAC61567451F009DF710 /* BaseCalendarGridView.m in Sources */ = {isa = PBXBuildFile; fileRef = E721EAAC1567451F009DF710 /* BaseCalendarGridView.m */; };
		E721EAC71567451F009DF710 /* BaseCalendarGridView.xib in Resources */ = {isa = PBXBuildFile; fileRef = E721EAAD1567451F009DF710 /* BaseCalendarGridView.xib */; };
		E721EAC81567451F009DF710 /* BaseCalendarViewFooterView.m in Sources */ = {isa = PBXBuildFile; fileRef = E721EAAF1567451F009DF710 /* BaseCalendarViewFooterView.m */; };
		E721EAC91567451F009DF710 /* BaseCalendarViewFooterView.xib in Resources */ = {isa = PBXBuildFile; fileRef = E721EAB01567451F009DF710 /* BaseCalendarViewFooterView.xib */; };
		E721EACA1567451F009DF710 /* BaseCalendarViewHeaderView.m in Sources */ = {isa = PBXBuildFile; fileRef = E721EAB21567451F009DF710 /* BaseCalendarViewHeaderView.m */; };
		E721EACB1567451F009DF710 /* BaseCalendarViewHeaderView.xib in Resources */ = {isa = PBXBuildFile; fileRef = E721EAB31567451F009DF710 /* BaseCalendarViewHeaderView.xib */; };
		E721EACC1567451F009DF710 /* BaseDataSourceImp.m in Sources */ = {isa = PBXBuildFile; fileRef = E721EAB51567451F009DF710 /* BaseDataSourceImp.m */; };
		E721EACD1567451F009DF710 /* TrainCalendarDataSourceImp.m in Sources */ = {isa = PBXBuildFile; fileRef = E721EAB71567451F009DF710 /* TrainCalendarDataSourceImp.m */; };
		E721EACE1567451F009DF710 /* CalDay.m in Sources */ = {isa = PBXBuildFile; fileRef = E721EABA1567451F009DF710 /* CalDay.m */; };
		E721EACF1567451F009DF710 /* CalMonth.m in Sources */ = {isa = PBXBuildFile; fileRef = E721EABC1567451F009DF710 /* CalMonth.m */; };
		E721EAD01567451F009DF710 /* DateUtil.m in Sources */ = {isa = PBXBuildFile; fileRef = E721EABE1567451F009DF710 /* DateUtil.m */; };
		E74B7F201536659700315E1A /* UIKit.framework in Frameworks */ = {isa = PBXBuildFile; fileRef = E74B7F1F1536659700315E1A /* UIKit.framework */; };
		E74B7F221536659700315E1A /* Foundation.framework in Frameworks */ = {isa = PBXBuildFile; fileRef = E74B7F211536659700315E1A /* Foundation.framework */; };
		E74B7F241536659700315E1A /* CoreGraphics.framework in Frameworks */ = {isa = PBXBuildFile; fileRef = E74B7F231536659700315E1A /* CoreGraphics.framework */; };
		E74B7F2A1536659700315E1A /* InfoPlist.strings in Resources */ = {isa = PBXBuildFile; fileRef = E74B7F281536659700315E1A /* InfoPlist.strings */; };
		E74B7F2C1536659700315E1A /* main.m in Sources */ = {isa = PBXBuildFile; fileRef = E74B7F2B1536659700315E1A /* main.m */; };
		E74B7F301536659700315E1A /* AppDelegate.m in Sources */ = {isa = PBXBuildFile; fileRef = E74B7F2F1536659700315E1A /* AppDelegate.m */; };
		E74B7F331536659700315E1A /* ViewController.m in Sources */ = {isa = PBXBuildFile; fileRef = E74B7F321536659700315E1A /* ViewController.m */; };
		E74B7F361536659700315E1A /* ViewController.xib in Resources */ = {isa = PBXBuildFile; fileRef = E74B7F341536659700315E1A /* ViewController.xib */; };
		E77EF3CB1537D38B0026DDB5 /* QuartzCore.framework in Frameworks */ = {isa = PBXBuildFile; fileRef = E77EF3CA1537D38B0026DDB5 /* QuartzCore.framework */; };
		E7B900BF156A4099006924FA /* CalendarScrollView.m in Sources */ = {isa = PBXBuildFile; fileRef = E7B900BE156A4099006924FA /* CalendarScrollView.m */; };
/* End PBXBuildFile section */

/* Begin PBXFileReference section */
		507877EF1A909ACA0059F232 /* Default-568h@2x.png */ = {isa = PBXFileReference; lastKnownFileType = image.png; path = "Default-568h@2x.png"; sourceTree = "<group>"; };
		E721EA6515674517009DF710 /* bg_calendar@2x.png */ = {isa = PBXFileReference; lastKnownFileType = image.png; path = "bg_calendar@2x.png"; sourceTree = "<group>"; };
		E721EA6615674517009DF710 /* bg_calendar_footer@2x.png */ = {isa = PBXFileReference; lastKnownFileType = image.png; path = "bg_calendar_footer@2x.png"; sourceTree = "<group>"; };
		E721EA6715674517009DF710 /* bg_calendar_header@2x.png */ = {isa = PBXFileReference; lastKnownFileType = image.png; path = "bg_calendar_header@2x.png"; sourceTree = "<group>"; };
		E721EA6815674517009DF710 /* bg_calendar_week_header@2x.png */ = {isa = PBXFileReference; lastKnownFileType = image.png; path = "bg_calendar_week_header@2x.png"; sourceTree = "<group>"; };
		E721EA6915674517009DF710 /* bg_grid@2x.png */ = {isa = PBXFileReference; lastKnownFileType = image.png; path = "bg_grid@2x.png"; sourceTree = "<group>"; };
		E721EA6A15674517009DF710 /* btn_choose_date_left_arrow@2x.png */ = {isa = PBXFileReference; lastKnownFileType = image.png; path = "btn_choose_date_left_arrow@2x.png"; sourceTree = "<group>"; };
		E721EA6B15674517009DF710 /* btn_choose_date_left_arrow_highlight@2x.png */ = {isa = PBXFileReference; lastKnownFileType = image.png; path = "btn_choose_date_left_arrow_highlight@2x.png"; sourceTree = "<group>"; };
		E721EA6C15674517009DF710 /* btn_choose_date_right_arrow@2x.png */ = {isa = PBXFileReference; lastKnownFileType = image.png; path = "btn_choose_date_right_arrow@2x.png"; sourceTree = "<group>"; };
		E721EA6D15674517009DF710 /* btn_choose_date_right_arrow_highlight@2x.png */ = {isa = PBXFileReference; lastKnownFileType = image.png; path = "btn_choose_date_right_arrow_highlight@2x.png"; sourceTree = "<group>"; };
		E721EA6E15674517009DF710 /* btn_choose_departure_date@2x.png */ = {isa = PBXFileReference; lastKnownFileType = image.png; path = "btn_choose_departure_date@2x.png"; sourceTree = "<group>"; };
		E721EA6F15674517009DF710 /* btn_chose_date@2x.png */ = {isa = PBXFileReference; lastKnownFileType = image.png; path = "btn_chose_date@2x.png"; sourceTree = "<group>"; };
		E721EA7015674517009DF710 /* btn_chose_date_highlight@2x.png */ = {isa = PBXFileReference; lastKnownFileType = image.png; path = "btn_chose_date_highlight@2x.png"; sourceTree = "<group>"; };
		E721EA7115674517009DF710 /* btn_close_date@2x.png */ = {isa = PBXFileReference; lastKnownFileType = image.png; path = "btn_close_date@2x.png"; sourceTree = "<group>"; };
		E721EA7215674517009DF710 /* btn_close_date_hihglight@2x.png */ = {isa = PBXFileReference; lastKnownFileType = image.png; path = "btn_close_date_hihglight@2x.png"; sourceTree = "<group>"; };
		E721EA7315674517009DF710 /* btn_grid@2x.png */ = {isa = PBXFileReference; lastKnownFileType = image.png; path = "btn_grid@2x.png"; sourceTree = "<group>"; };
		E721EA7415674517009DF710 /* btn_grid_cell@2x.png */ = {isa = PBXFileReference; lastKnownFileType = image.png; path = "btn_grid_cell@2x.png"; sourceTree = "<group>"; };
		E721EA7515674517009DF710 /* btn_grid_cell_highlight@2x.png */ = {isa = PBXFileReference; lastKnownFileType = image.png; path = "btn_grid_cell_highlight@2x.png"; sourceTree = "<group>"; };
		E721EA7615674517009DF710 /* btn_grid_cell_selected@2x.png */ = {isa = PBXFileReference; lastKnownFileType = image.png; path = "btn_grid_cell_selected@2x.png"; sourceTree = "<group>"; };
		E721EA7715674517009DF710 /* btn_grid_highlight@2x.png */ = {isa = PBXFileReference; lastKnownFileType = image.png; path = "btn_grid_highlight@2x.png"; sourceTree = "<group>"; };
		E721EA7815674517009DF710 /* btn_grid_selected@2x.png */ = {isa = PBXFileReference; lastKnownFileType = image.png; path = "btn_grid_selected@2x.png"; sourceTree = "<group>"; };
		E721EA7915674517009DF710 /* btn_next_month@2x.png */ = {isa = PBXFileReference; lastKnownFileType = image.png; path = "btn_next_month@2x.png"; sourceTree = "<group>"; };
		E721EA7A15674517009DF710 /* btn_next_month_highlight@2x.png */ = {isa = PBXFileReference; lastKnownFileType = image.png; path = "btn_next_month_highlight@2x.png"; sourceTree = "<group>"; };
		E721EA7B15674517009DF710 /* btn_previous_month@2x.png */ = {isa = PBXFileReference; lastKnownFileType = image.png; path = "btn_previous_month@2x.png"; sourceTree = "<group>"; };
		E721EA7C15674517009DF710 /* btn_previous_month_highlight@2x.png */ = {isa = PBXFileReference; lastKnownFileType = image.png; path = "btn_previous_month_highlight@2x.png"; sourceTree = "<group>"; };
		E721EA7D15674517009DF710 /* btn_radio_check_box@2x.png */ = {isa = PBXFileReference; lastKnownFileType = image.png; path = "btn_radio_check_box@2x.png"; sourceTree = "<group>"; };
		E721EA7E15674517009DF710 /* btn_radio_check_box_selected@2x.png */ = {isa = PBXFileReference; lastKnownFileType = image.png; path = "btn_radio_check_box_selected@2x.png"; sourceTree = "<group>"; };
		E721EA9B1567451F009DF710 /* CalendarGridView.h */ = {isa = PBXFileReference; fileEncoding = 4; lastKnownFileType = sourcecode.c.h; path = CalendarGridView.h; sourceTree = "<group>"; };
		E721EA9C1567451F009DF710 /* CalendarGridView.m */ = {isa = PBXFileReference; fileEncoding = 4; lastKnownFileType = sourcecode.c.objc; path = CalendarGridView.m; sourceTree = "<group>"; };
		E721EA9D1567451F009DF710 /* CalendarView.h */ = {isa = PBXFileReference; fileEncoding = 4; lastKnownFileType = sourcecode.c.h; path = CalendarView.h; sourceTree = "<group>"; };
		E721EA9E1567451F009DF710 /* CalendarView.m */ = {isa = PBXFileReference; fileEncoding = 4; lastKnownFileType = sourcecode.c.objc; path = CalendarView.m; sourceTree = "<group>"; };
		E721EA9F1567451F009DF710 /* CalendarView.xib */ = {isa = PBXFileReference; fileEncoding = 4; lastKnownFileType = file.xib; path = CalendarView.xib; sourceTree = "<group>"; };
		E721EAA01567451F009DF710 /* CalendarViewDataSource.h */ = {isa = PBXFileReference; fileEncoding = 4; lastKnownFileType = sourcecode.c.h; path = CalendarViewDataSource.h; sourceTree = "<group>"; };
		E721EAA11567451F009DF710 /* CalendarViewDelegate.h */ = {isa = PBXFileReference; fileEncoding = 4; lastKnownFileType = sourcecode.c.h; path = CalendarViewDelegate.h; sourceTree = "<group>"; };
		E721EAA21567451F009DF710 /* CalendarViewFooterView.h */ = {isa = PBXFileReference; fileEncoding = 4; lastKnownFileType = sourcecode.c.h; path = CalendarViewFooterView.h; sourceTree = "<group>"; };
		E721EAA31567451F009DF710 /* CalendarViewFooterView.m */ = {isa = PBXFileReference; fileEncoding = 4; lastKnownFileType = sourcecode.c.objc; path = CalendarViewFooterView.m; sourceTree = "<group>"; };
		E721EAA41567451F009DF710 /* CalendarViewHeaderView.h */ = {isa = PBXFileReference; fileEncoding = 4; lastKnownFileType = sourcecode.c.h; path = CalendarViewHeaderView.h; sourceTree = "<group>"; };
		E721EAA51567451F009DF710 /* CalendarViewHeaderView.m */ = {isa = PBXFileReference; fileEncoding = 4; lastKnownFileType = sourcecode.c.objc; path = CalendarViewHeaderView.m; sourceTree = "<group>"; };
		E721EAA61567451F009DF710 /* Enum.h */ = {isa = PBXFileReference; fileEncoding = 4; lastKnownFileType = sourcecode.c.h; path = Enum.h; sourceTree = "<group>"; };
		E721EAA81567451F009DF710 /* BaseCalendarDisableGridView.h */ = {isa = PBXFileReference; fileEncoding = 4; lastKnownFileType = sourcecode.c.h; path = BaseCalendarDisableGridView.h; sourceTree = "<group>"; };
		E721EAA91567451F009DF710 /* BaseCalendarDisableGridView.m */ = {isa = PBXFileReference; fileEncoding = 4; lastKnownFileType = sourcecode.c.objc; path = BaseCalendarDisableGridView.m; sourceTree = "<group>"; };
		E721EAAA1567451F009DF710 /* BaseCalendarDisableGridView.xib */ = {isa = PBXFileReference; fileEncoding = 4; lastKnownFileType = file.xib; path = BaseCalendarDisableGridView.xib; sourceTree = "<group>"; };
		E721EAAB1567451F009DF710 /* BaseCalendarGridView.h */ = {isa = PBXFileReference; fileEncoding = 4; lastKnownFileType = sourcecode.c.h; path = BaseCalendarGridView.h; sourceTree = "<group>"; };
		E721EAAC1567451F009DF710 /* BaseCalendarGridView.m */ = {isa = PBXFileReference; fileEncoding = 4; lastKnownFileType = sourcecode.c.objc; path = BaseCalendarGridView.m; sourceTree = "<group>"; };
		E721EAAD1567451F009DF710 /* BaseCalendarGridView.xib */ = {isa = PBXFileReference; fileEncoding = 4; lastKnownFileType = file.xib; path = BaseCalendarGridView.xib; sourceTree = "<group>"; };
		E721EAAE1567451F009DF710 /* BaseCalendarViewFooterView.h */ = {isa = PBXFileReference; fileEncoding = 4; lastKnownFileType = sourcecode.c.h; path = BaseCalendarViewFooterView.h; sourceTree = "<group>"; };
		E721EAAF1567451F009DF710 /* BaseCalendarViewFooterView.m */ = {isa = PBXFileReference; fileEncoding = 4; lastKnownFileType = sourcecode.c.objc; path = BaseCalendarViewFooterView.m; sourceTree = "<group>"; };
		E721EAB01567451F009DF710 /* BaseCalendarViewFooterView.xib */ = {isa = PBXFileReference; fileEncoding = 4; lastKnownFileType = file.xib; path = BaseCalendarViewFooterView.xib; sourceTree = "<group>"; };
		E721EAB11567451F009DF710 /* BaseCalendarViewHeaderView.h */ = {isa = PBXFileReference; fileEncoding = 4; lastKnownFileType = sourcecode.c.h; path = BaseCalendarViewHeaderView.h; sourceTree = "<group>"; };
		E721EAB21567451F009DF710 /* BaseCalendarViewHeaderView.m */ = {isa = PBXFileReference; fileEncoding = 4; lastKnownFileType = sourcecode.c.objc; path = BaseCalendarViewHeaderView.m; sourceTree = "<group>"; };
		E721EAB31567451F009DF710 /* BaseCalendarViewHeaderView.xib */ = {isa = PBXFileReference; fileEncoding = 4; lastKnownFileType = file.xib; path = BaseCalendarViewHeaderView.xib; sourceTree = "<group>"; };
		E721EAB41567451F009DF710 /* BaseDataSourceImp.h */ = {isa = PBXFileReference; fileEncoding = 4; lastKnownFileType = sourcecode.c.h; path = BaseDataSourceImp.h; sourceTree = "<group>"; };
		E721EAB51567451F009DF710 /* BaseDataSourceImp.m */ = {isa = PBXFileReference; fileEncoding = 4; lastKnownFileType = sourcecode.c.objc; path = BaseDataSourceImp.m; sourceTree = "<group>"; };
		E721EAB61567451F009DF710 /* TrainCalendarDataSourceImp.h */ = {isa = PBXFileReference; fileEncoding = 4; lastKnownFileType = sourcecode.c.h; path = TrainCalendarDataSourceImp.h; sourceTree = "<group>"; };
		E721EAB71567451F009DF710 /* TrainCalendarDataSourceImp.m */ = {isa = PBXFileReference; fileEncoding = 4; lastKnownFileType = sourcecode.c.objc; path = TrainCalendarDataSourceImp.m; sourceTree = "<group>"; };
		E721EAB91567451F009DF710 /* CalDay.h */ = {isa = PBXFileReference; fileEncoding = 4; lastKnownFileType = sourcecode.c.h; path = CalDay.h; sourceTree = "<group>"; };
		E721EABA1567451F009DF710 /* CalDay.m */ = {isa = PBXFileReference; fileEncoding = 4; lastKnownFileType = sourcecode.c.objc; path = CalDay.m; sourceTree = "<group>"; };
		E721EABB1567451F009DF710 /* CalMonth.h */ = {isa = PBXFileReference; fileEncoding = 4; lastKnownFileType = sourcecode.c.h; path = CalMonth.h; sourceTree = "<group>"; };
		E721EABC1567451F009DF710 /* CalMonth.m */ = {isa = PBXFileReference; fileEncoding = 4; lastKnownFileType = sourcecode.c.objc; path = CalMonth.m; sourceTree = "<group>"; };
		E721EABD1567451F009DF710 /* DateUtil.h */ = {isa = PBXFileReference; fileEncoding = 4; lastKnownFileType = sourcecode.c.h; path = DateUtil.h; sourceTree = "<group>"; };
		E721EABE1567451F009DF710 /* DateUtil.m */ = {isa = PBXFileReference; fileEncoding = 4; lastKnownFileType = sourcecode.c.objc; path = DateUtil.m; sourceTree = "<group>"; };
		E74B7F1B1536659700315E1A /* ZHJCalendar.app */ = {isa = PBXFileReference; explicitFileType = wrapper.application; includeInIndex = 0; path = ZHJCalendar.app; sourceTree = BUILT_PRODUCTS_DIR; };
		E74B7F1F1536659700315E1A /* UIKit.framework */ = {isa = PBXFileReference; lastKnownFileType = wrapper.framework; name = UIKit.framework; path = System/Library/Frameworks/UIKit.framework; sourceTree = SDKROOT; };
		E74B7F211536659700315E1A /* Foundation.framework */ = {isa = PBXFileReference; lastKnownFileType = wrapper.framework; name = Foundation.framework; path = System/Library/Frameworks/Foundation.framework; sourceTree = SDKROOT; };
		E74B7F231536659700315E1A /* CoreGraphics.framework */ = {isa = PBXFileReference; lastKnownFileType = wrapper.framework; name = CoreGraphics.framework; path = System/Library/Frameworks/CoreGraphics.framework; sourceTree = SDKROOT; };
		E74B7F271536659700315E1A /* ZHJCalendar-Info.plist */ = {isa = PBXFileReference; lastKnownFileType = text.plist.xml; path = "ZHJCalendar-Info.plist"; sourceTree = "<group>"; };
		E74B7F291536659700315E1A /* en */ = {isa = PBXFileReference; lastKnownFileType = text.plist.strings; name = en; path = en.lproj/InfoPlist.strings; sourceTree = "<group>"; };
		E74B7F2B1536659700315E1A /* main.m */ = {isa = PBXFileReference; lastKnownFileType = sourcecode.c.objc; path = main.m; sourceTree = "<group>"; };
		E74B7F2D1536659700315E1A /* ZHJCalendar-Prefix.pch */ = {isa = PBXFileReference; lastKnownFileType = sourcecode.c.h; path = "ZHJCalendar-Prefix.pch"; sourceTree = "<group>"; };
		E74B7F2E1536659700315E1A /* AppDelegate.h */ = {isa = PBXFileReference; lastKnownFileType = sourcecode.c.h; path = AppDelegate.h; sourceTree = "<group>"; };
		E74B7F2F1536659700315E1A /* AppDelegate.m */ = {isa = PBXFileReference; lastKnownFileType = sourcecode.c.objc; path = AppDelegate.m; sourceTree = "<group>"; };
		E74B7F311536659700315E1A /* ViewController.h */ = {isa = PBXFileReference; lastKnownFileType = sourcecode.c.h; path = ViewController.h; sourceTree = "<group>"; };
		E74B7F321536659700315E1A /* ViewController.m */ = {isa = PBXFileReference; lastKnownFileType = sourcecode.c.objc; path = ViewController.m; sourceTree = "<group>"; };
		E74B7F351536659700315E1A /* en */ = {isa = PBXFileReference; lastKnownFileType = file.xib; name = en; path = en.lproj/ViewController.xib; sourceTree = "<group>"; };
		E74B7F4315366BB700315E1A /* ITTDebug.h */ = {isa = PBXFileReference; lastKnownFileType = sourcecode.c.h; path = ITTDebug.h; sourceTree = "<group>"; };
		E77EF3CA1537D38B0026DDB5 /* QuartzCore.framework */ = {isa = PBXFileReference; lastKnownFileType = wrapper.framework; name = QuartzCore.framework; path = System/Library/Frameworks/QuartzCore.framework; sourceTree = SDKROOT; };
		E7B900BD156A4098006924FA /* CalendarScrollView.h */ = {isa = PBXFileReference; fileEncoding = 4; lastKnownFileType = sourcecode.c.h; path = CalendarScrollView.h; sourceTree = "<group>"; };
		E7B900BE156A4099006924FA /* CalendarScrollView.m */ = {isa = PBXFileReference; fileEncoding = 4; lastKnownFileType = sourcecode.c.objc; path = CalendarScrollView.m; sourceTree = "<group>"; };
/* End PBXFileReference section */

/* Begin PBXFrameworksBuildPhase section */
		E74B7F181536659700315E1A /* Frameworks */ = {
			isa = PBXFrameworksBuildPhase;
			buildActionMask = 2147483647;
			files = (
				E77EF3CB1537D38B0026DDB5 /* QuartzCore.framework in Frameworks */,
				E74B7F201536659700315E1A /* UIKit.framework in Frameworks */,
				E74B7F221536659700315E1A /* Foundation.framework in Frameworks */,
				E74B7F241536659700315E1A /* CoreGraphics.framework in Frameworks */,
			);
			runOnlyForDeploymentPostprocessing = 0;
		};
/* End PBXFrameworksBuildPhase section */

/* Begin PBXGroup section */
		E721EA6415674517009DF710 /* Images */ = {
			isa = PBXGroup;
			children = (
				E721EA6515674517009DF710 /* bg_calendar@2x.png */,
				E721EA6615674517009DF710 /* bg_calendar_footer@2x.png */,
				E721EA6715674517009DF710 /* bg_calendar_header@2x.png */,
				E721EA6815674517009DF710 /* bg_calendar_week_header@2x.png */,
				E721EA6915674517009DF710 /* bg_grid@2x.png */,
				E721EA6A15674517009DF710 /* btn_choose_date_left_arrow@2x.png */,
				E721EA6B15674517009DF710 /* btn_choose_date_left_arrow_highlight@2x.png */,
				E721EA6C15674517009DF710 /* btn_choose_date_right_arrow@2x.png */,
				E721EA6D15674517009DF710 /* btn_choose_date_right_arrow_highlight@2x.png */,
				E721EA6E15674517009DF710 /* btn_choose_departure_date@2x.png */,
				E721EA6F15674517009DF710 /* btn_chose_date@2x.png */,
				E721EA7015674517009DF710 /* btn_chose_date_highlight@2x.png */,
				E721EA7115674517009DF710 /* btn_close_date@2x.png */,
				E721EA7215674517009DF710 /* btn_close_date_hihglight@2x.png */,
				E721EA7315674517009DF710 /* btn_grid@2x.png */,
				E721EA7415674517009DF710 /* btn_grid_cell@2x.png */,
				E721EA7515674517009DF710 /* btn_grid_cell_highlight@2x.png */,
				E721EA7615674517009DF710 /* btn_grid_cell_selected@2x.png */,
				E721EA7715674517009DF710 /* btn_grid_highlight@2x.png */,
				E721EA7815674517009DF710 /* btn_grid_selected@2x.png */,
				E721EA7915674517009DF710 /* btn_next_month@2x.png */,
				E721EA7A15674517009DF710 /* btn_next_month_highlight@2x.png */,
				E721EA7B15674517009DF710 /* btn_previous_month@2x.png */,
				E721EA7C15674517009DF710 /* btn_previous_month_highlight@2x.png */,
				E721EA7D15674517009DF710 /* btn_radio_check_box@2x.png */,
				E721EA7E15674517009DF710 /* btn_radio_check_box_selected@2x.png */,
			);
			path = Images;
			sourceTree = "<group>";
		};
		E721EA991567451F009DF710 /* Src */ = {
			isa = PBXGroup;
			children = (
				E721EA9A1567451F009DF710 /* Core */,
				E721EAA71567451F009DF710 /* Imp */,
				E721EAB81567451F009DF710 /* Model */,
			);
			path = Src;
			sourceTree = "<group>";
		};
		E721EA9A1567451F009DF710 /* Core */ = {
			isa = PBXGroup;
			children = (
				E721EA9B1567451F009DF710 /* CalendarGridView.h */,
				E721EA9C1567451F009DF710 /* CalendarGridView.m */,
				E721EA9D1567451F009DF710 /* CalendarView.h */,
				E721EA9E1567451F009DF710 /* CalendarView.m */,
				E721EA9F1567451F009DF710 /* CalendarView.xib */,
				E721EAA01567451F009DF710 /* CalendarViewDataSource.h */,
				E721EAA11567451F009DF710 /* CalendarViewDelegate.h */,
				E721EAA21567451F009DF710 /* CalendarViewFooterView.h */,
				E721EAA31567451F009DF710 /* CalendarViewFooterView.m */,
				E721EAA41567451F009DF710 /* CalendarViewHeaderView.h */,
				E721EAA51567451F009DF710 /* CalendarViewHeaderView.m */,
				E721EAA61567451F009DF710 /* Enum.h */,
				E7B900BD156A4098006924FA /* CalendarScrollView.h */,
				E7B900BE156A4099006924FA /* CalendarScrollView.m */,
			);
			path = Core;
			sourceTree = "<group>";
		};
		E721EAA71567451F009DF710 /* Imp */ = {
			isa = PBXGroup;
			children = (
				E721EAA81567451F009DF710 /* BaseCalendarDisableGridView.h */,
				E721EAA91567451F009DF710 /* BaseCalendarDisableGridView.m */,
				E721EAAA1567451F009DF710 /* BaseCalendarDisableGridView.xib */,
				E721EAAB1567451F009DF710 /* BaseCalendarGridView.h */,
				E721EAAC1567451F009DF710 /* BaseCalendarGridView.m */,
				E721EAAD1567451F009DF710 /* BaseCalendarGridView.xib */,
				E721EAAE1567451F009DF710 /* BaseCalendarViewFooterView.h */,
				E721EAAF1567451F009DF710 /* BaseCalendarViewFooterView.m */,
				E721EAB01567451F009DF710 /* BaseCalendarViewFooterView.xib */,
				E721EAB11567451F009DF710 /* BaseCalendarViewHeaderView.h */,
				E721EAB21567451F009DF710 /* BaseCalendarViewHeaderView.m */,
				E721EAB31567451F009DF710 /* BaseCalendarViewHeaderView.xib */,
				E721EAB41567451F009DF710 /* BaseDataSourceImp.h */,
				E721EAB51567451F009DF710 /* BaseDataSourceImp.m */,
				E721EAB61567451F009DF710 /* TrainCalendarDataSourceImp.h */,
				E721EAB71567451F009DF710 /* TrainCalendarDataSourceImp.m */,
			);
			path = Imp;
			sourceTree = "<group>";
		};
		E721EAB81567451F009DF710 /* Model */ = {
			isa = PBXGroup;
			children = (
				E721EAB91567451F009DF710 /* CalDay.h */,
				E721EABA1567451F009DF710 /* CalDay.m */,
				E721EABB1567451F009DF710 /* CalMonth.h */,
				E721EABC1567451F009DF710 /* CalMonth.m */,
				E721EABD1567451F009DF710 /* DateUtil.h */,
				E721EABE1567451F009DF710 /* DateUtil.m */,
			);
			path = Model;
			sourceTree = "<group>";
		};
		E74B7F101536659600315E1A = {
			isa = PBXGroup;
			children = (
				507877EF1A909ACA0059F232 /* Default-568h@2x.png */,
				E74B7F251536659700315E1A /* ZHJCalendar */,
				E74B7F1E1536659700315E1A /* Frameworks */,
				E74B7F1C1536659700315E1A /* Products */,
			);
			sourceTree = "<group>";
		};
		E74B7F1C1536659700315E1A /* Products */ = {
			isa = PBXGroup;
			children = (
				E74B7F1B1536659700315E1A /* ZHJCalendar.app */,
			);
			name = Products;
			sourceTree = "<group>";
		};
		E74B7F1E1536659700315E1A /* Frameworks */ = {
			isa = PBXGroup;
			children = (
				E77EF3CA1537D38B0026DDB5 /* QuartzCore.framework */,
				E74B7F1F1536659700315E1A /* UIKit.framework */,
				E74B7F211536659700315E1A /* Foundation.framework */,
				E74B7F231536659700315E1A /* CoreGraphics.framework */,
			);
			name = Frameworks;
			sourceTree = "<group>";
		};
		E74B7F251536659700315E1A /* ZHJCalendar */ = {
			isa = PBXGroup;
			children = (
				E721EA991567451F009DF710 /* Src */,
				E74B7F4315366BB700315E1A /* ITTDebug.h */,
				E74B7F2E1536659700315E1A /* AppDelegate.h */,
				E74B7F2F1536659700315E1A /* AppDelegate.m */,
				E74B7F311536659700315E1A /* ViewController.h */,
				E74B7F321536659700315E1A /* ViewController.m */,
				E74B7F341536659700315E1A /* ViewController.xib */,
				E74B7F261536659700315E1A /* Supporting Files */,
			);
			path = ZHJCalendar;
			sourceTree = "<group>";
		};
		E74B7F261536659700315E1A /* Supporting Files */ = {
			isa = PBXGroup;
			children = (
				E721EA6415674517009DF710 /* Images */,
				E74B7F271536659700315E1A /* ZHJCalendar-Info.plist */,
				E74B7F281536659700315E1A /* InfoPlist.strings */,
				E74B7F2B1536659700315E1A /* main.m */,
				E74B7F2D1536659700315E1A /* ZHJCalendar-Prefix.pch */,
			);
			name = "Supporting Files";
			sourceTree = "<group>";
		};
/* End PBXGroup section */

/* Begin PBXNativeTarget section */
		E74B7F1A1536659700315E1A /* ZHJCalendar */ = {
			isa = PBXNativeTarget;
			buildConfigurationList = E74B7F391536659700315E1A /* Build configuration list for PBXNativeTarget "ZHJCalendar" */;
			buildPhases = (
				E74B7F171536659700315E1A /* Sources */,
				E74B7F181536659700315E1A /* Frameworks */,
				E74B7F191536659700315E1A /* Resources */,
			);
			buildRules = (
			);
			dependencies = (
			);
			name = ZHJCalendar;
			productName = ZHJCalendar;
			productReference = E74B7F1B1536659700315E1A /* ZHJCalendar.app */;
			productType = "com.apple.product-type.application";
		};
/* End PBXNativeTarget section */

/* Begin PBXProject section */
		E74B7F121536659600315E1A /* Project object */ = {
			isa = PBXProject;
			attributes = {
				LastUpgradeCheck = 0620;
				ORGANIZATIONNAME = itotemstudio;
			};
			buildConfigurationList = E74B7F151536659600315E1A /* Build configuration list for PBXProject "ZHJCalendar" */;
			compatibilityVersion = "Xcode 3.2";
			developmentRegion = English;
			hasScannedForEncodings = 0;
			knownRegions = (
				en,
			);
			mainGroup = E74B7F101536659600315E1A;
			productRefGroup = E74B7F1C1536659700315E1A /* Products */;
			projectDirPath = "";
			projectRoot = "";
			targets = (
				E74B7F1A1536659700315E1A /* ZHJCalendar */,
			);
		};
/* End PBXProject section */

/* Begin PBXResourcesBuildPhase section */
		E74B7F191536659700315E1A /* Resources */ = {
			isa = PBXResourcesBuildPhase;
			buildActionMask = 2147483647;
			files = (
				E74B7F2A1536659700315E1A /* InfoPlist.strings in Resources */,
				E74B7F361536659700315E1A /* ViewController.xib in Resources */,
				E721EA7F15674517009DF710 /* bg_calendar@2x.png in Resources */,
				E721EA8015674517009DF710 /* bg_calendar_footer@2x.png in Resources */,
				E721EA8115674517009DF710 /* bg_calendar_header@2x.png in Resources */,
				E721EA8215674517009DF710 /* bg_calendar_week_header@2x.png in Resources */,
				E721EA8315674517009DF710 /* bg_grid@2x.png in Resources */,
				E721EA8415674517009DF710 /* btn_choose_date_left_arrow@2x.png in Resources */,
				E721EA8515674517009DF710 /* btn_choose_date_left_arrow_highlight@2x.png in Resources */,
				E721EA8615674517009DF710 /* btn_choose_date_right_arrow@2x.png in Resources */,
				E721EA8715674517009DF710 /* btn_choose_date_right_arrow_highlight@2x.png in Resources */,
				E721EA8815674517009DF710 /* btn_choose_departure_date@2x.png in Resources */,
				E721EA8915674517009DF710 /* btn_chose_date@2x.png in Resources */,
				E721EA8A15674517009DF710 /* btn_chose_date_highlight@2x.png in Resources */,
				E721EA8B15674517009DF710 /* btn_close_date@2x.png in Resources */,
				E721EA8C15674517009DF710 /* btn_close_date_hihglight@2x.png in Resources */,
				E721EA8D15674517009DF710 /* btn_grid@2x.png in Resources */,
				E721EA8E15674517009DF710 /* btn_grid_cell@2x.png in Resources */,
				E721EA8F15674517009DF710 /* btn_grid_cell_highlight@2x.png in Resources */,
				E721EA9015674517009DF710 /* btn_grid_cell_selected@2x.png in Resources */,
				E721EA9115674517009DF710 /* btn_grid_highlight@2x.png in Resources */,
				E721EA9215674517009DF710 /* btn_grid_selected@2x.png in Resources */,
				E721EA9315674517009DF710 /* btn_next_month@2x.png in Resources */,
				E721EA9415674517009DF710 /* btn_next_month_highlight@2x.png in Resources */,
				E721EA9515674517009DF710 /* btn_previous_month@2x.png in Resources */,
				507877F01A909ACA0059F232 /* Default-568h@2x.png in Resources */,
				E721EA9615674517009DF710 /* btn_previous_month_highlight@2x.png in Resources */,
				E721EA9715674517009DF710 /* btn_radio_check_box@2x.png in Resources */,
				E721EA9815674517009DF710 /* btn_radio_check_box_selected@2x.png in Resources */,
				E721EAC11567451F009DF710 /* CalendarView.xib in Resources */,
				E721EAC51567451F009DF710 /* BaseCalendarDisableGridView.xib in Resources */,
				E721EAC71567451F009DF710 /* BaseCalendarGridView.xib in Resources */,
				E721EAC91567451F009DF710 /* BaseCalendarViewFooterView.xib in Resources */,
				E721EACB1567451F009DF710 /* BaseCalendarViewHeaderView.xib in Resources */,
			);
			runOnlyForDeploymentPostprocessing = 0;
		};
/* End PBXResourcesBuildPhase section */

/* Begin PBXSourcesBuildPhase section */
		E74B7F171536659700315E1A /* Sources */ = {
			isa = PBXSourcesBuildPhase;
			buildActionMask = 2147483647;
			files = (
				E74B7F2C1536659700315E1A /* main.m in Sources */,
				E74B7F301536659700315E1A /* AppDelegate.m in Sources */,
				E74B7F331536659700315E1A /* ViewController.m in Sources */,
				E721EABF1567451F009DF710 /* CalendarGridView.m in Sources */,
				E721EAC01567451F009DF710 /* CalendarView.m in Sources */,
				E721EAC21567451F009DF710 /* CalendarViewFooterView.m in Sources */,
				E721EAC31567451F009DF710 /* CalendarViewHeaderView.m in Sources */,
				E721EAC41567451F009DF710 /* BaseCalendarDisableGridView.m in Sources */,
				E721EAC61567451F009DF710 /* BaseCalendarGridView.m in Sources */,
				E721EAC81567451F009DF710 /* BaseCalendarViewFooterView.m in Sources */,
				E721EACA1567451F009DF710 /* BaseCalendarViewHeaderView.m in Sources */,
				E721EACC1567451F009DF710 /* BaseDataSourceImp.m in Sources */,
				E721EACD1567451F009DF710 /* TrainCalendarDataSourceImp.m in Sources */,
				E721EACE1567451F009DF710 /* CalDay.m in Sources */,
				E721EACF1567451F009DF710 /* CalMonth.m in Sources */,
				E721EAD01567451F009DF710 /* DateUtil.m in Sources */,
				E7B900BF156A4099006924FA /* CalendarScrollView.m in Sources */,
			);
			runOnlyForDeploymentPostprocessing = 0;
		};
/* End PBXSourcesBuildPhase section */

/* Begin PBXVariantGroup section */
		E74B7F281536659700315E1A /* InfoPlist.strings */ = {
			isa = PBXVariantGroup;
			children = (
				E74B7F291536659700315E1A /* en */,
			);
			name = InfoPlist.strings;
			sourceTree = "<group>";
		};
		E74B7F341536659700315E1A /* ViewController.xib */ = {
			isa = PBXVariantGroup;
			children = (
				E74B7F351536659700315E1A /* en */,
			);
			name = ViewController.xib;
			sourceTree = "<group>";
		};
/* End PBXVariantGroup section */

/* Begin XCBuildConfiguration section */
		E74B7F371536659700315E1A /* Debug */ = {
			isa = XCBuildConfiguration;
			buildSettings = {
				ALWAYS_SEARCH_USER_PATHS = NO;
				CLANG_WARN_BOOL_CONVERSION = YES;
				CLANG_WARN_CONSTANT_CONVERSION = YES;
				CLANG_WARN_EMPTY_BODY = YES;
				CLANG_WARN_ENUM_CONVERSION = YES;
				CLANG_WARN_INT_CONVERSION = YES;
				CLANG_WARN_UNREACHABLE_CODE = YES;
				CLANG_WARN__DUPLICATE_METHOD_MATCH = YES;
				"CODE_SIGN_IDENTITY[sdk=iphoneos*]" = "iPhone Developer: Scott Lee (DAJ23Z84KU)";
				COPY_PHASE_STRIP = NO;
				ENABLE_STRICT_OBJC_MSGSEND = YES;
				GCC_C_LANGUAGE_STANDARD = gnu99;
				GCC_DYNAMIC_NO_PIC = NO;
				GCC_OPTIMIZATION_LEVEL = 0;
				GCC_PREPROCESSOR_DEFINITIONS = (
					"DEBUG=1",
					"$(inherited)",
				);
				GCC_SYMBOLS_PRIVATE_EXTERN = NO;
				GCC_VERSION = com.apple.compilers.llvm.clang.1_0;
				GCC_WARN_64_TO_32_BIT_CONVERSION = YES;
				GCC_WARN_ABOUT_RETURN_TYPE = YES;
				GCC_WARN_UNDECLARED_SELECTOR = YES;
				GCC_WARN_UNINITIALIZED_AUTOS = YES;
				GCC_WARN_UNUSED_FUNCTION = YES;
				GCC_WARN_UNUSED_VARIABLE = YES;
				IPHONEOS_DEPLOYMENT_TARGET = 5.1;
				ONLY_ACTIVE_ARCH = YES;
				"PROVISIONING_PROFILE[sdk=iphoneos*]" = "41ACC2B2-C355-4ACB-B2D3-7B59A5E1EAC8";
				SDKROOT = iphoneos;
			};
			name = Debug;
		};
		E74B7F381536659700315E1A /* Release */ = {
			isa = XCBuildConfiguration;
			buildSettings = {
				ALWAYS_SEARCH_USER_PATHS = NO;
				CLANG_WARN_BOOL_CONVERSION = YES;
				CLANG_WARN_CONSTANT_CONVERSION = YES;
				CLANG_WARN_EMPTY_BODY = YES;
				CLANG_WARN_ENUM_CONVERSION = YES;
				CLANG_WARN_INT_CONVERSION = YES;
				CLANG_WARN_UNREACHABLE_CODE = YES;
				CLANG_WARN__DUPLICATE_METHOD_MATCH = YES;
				"CODE_SIGN_IDENTITY[sdk=iphoneos*]" = "iPhone Developer";
				COPY_PHASE_STRIP = YES;
				ENABLE_STRICT_OBJC_MSGSEND = YES;
				GCC_C_LANGUAGE_STANDARD = gnu99;
				GCC_VERSION = com.apple.compilers.llvm.clang.1_0;
				GCC_WARN_64_TO_32_BIT_CONVERSION = YES;
				GCC_WARN_ABOUT_RETURN_TYPE = YES;
				GCC_WARN_UNDECLARED_SELECTOR = YES;
				GCC_WARN_UNINITIALIZED_AUTOS = YES;
				GCC_WARN_UNUSED_FUNCTION = YES;
				GCC_WARN_UNUSED_VARIABLE = YES;
				IPHONEOS_DEPLOYMENT_TARGET = 5.1;
				OTHER_CFLAGS = "-DNS_BLOCK_ASSERTIONS=1";
				SDKROOT = iphoneos;
				VALIDATE_PRODUCT = YES;
			};
			name = Release;
		};
		E74B7F3A1536659700315E1A /* Debug */ = {
			isa = XCBuildConfiguration;
			buildSettings = {
				GCC_PRECOMPILE_PREFIX_HEADER = YES;
				GCC_PREFIX_HEADER = "ZHJCalendar/ZHJCalendar-Prefix.pch";
				INFOPLIST_FILE = "ZHJCalendar/ZHJCalendar-Info.plist";
				IPHONEOS_DEPLOYMENT_TARGET = 5.0;
				PRODUCT_NAME = "$(TARGET_NAME)";
				WRAPPER_EXTENSION = app;
			};
			name = Debug;
		};
		E74B7F3B1536659700315E1A /* Release */ = {
			isa = XCBuildConfiguration;
			buildSettings = {
				GCC_PRECOMPILE_PREFIX_HEADER = YES;
				GCC_PREFIX_HEADER = "ZHJCalendar/ZHJCalendar-Prefix.pch";
				INFOPLIST_FILE = "ZHJCalendar/ZHJCalendar-Info.plist";
				IPHONEOS_DEPLOYMENT_TARGET = 5.0;
				PRODUCT_NAME = "$(TARGET_NAME)";
				WRAPPER_EXTENSION = app;
			};
			name = Release;
		};
/* End XCBuildConfiguration section */

/* Begin XCConfigurationList section */
		E74B7F151536659600315E1A /* Build configuration list for PBXProject "ZHJCalendar" */ = {
			isa = XCConfigurationList;
			buildConfigurations = (
				E74B7F371536659700315E1A /* Debug */,
				E74B7F381536659700315E1A /* Release */,
			);
			defaultConfigurationIsVisible = 0;
			defaultConfigurationName = Release;
		};
		E74B7F391536659700315E1A /* Build configuration list for PBXNativeTarget "ZHJCalendar" */ = {
			isa = XCConfigurationList;
			buildConfigurations = (
				E74B7F3A1536659700315E1A /* Debug */,
				E74B7F3B1536659700315E1A /* Release */,
			);
			defaultConfigurationIsVisible = 0;
			defaultConfigurationName = Release;
		};
/* End XCConfigurationList section */
	};
	rootObject = E74B7F121536659600315E1A /* Project object */;
}
